
Microsoft Visual Studio Solution File, Format Version 12.00
# Visual Studio Version 17
VisualStudioVersion = 17.0.31717.71
MinimumVisualStudioVersion = 10.0.40219.1
Project("{FAE04EC0-301F-11D3-BF4B-00C04F79EFBC}") = "CoravelSandbox", "CoravelSandbox\CoravelSandbox.csproj", "{B7298439-A971-4104-9F48-204A363D7D15}"
EndProject
Global
	GlobalSection(SolutionConfigurationPlatforms) = preSolution
		Debug|Any CPU = Debug|Any CPU
		Release|Any CPU = Release|Any CPU
	EndGlobalSection
	GlobalSection(ProjectConfigurationPlatforms) = postSolution
		{B7298439-A971-4104-9F48-204A363D7D15}.Debug|Any CPU.ActiveCfg = Debug|Any CPU
		{B7298439-A971-4104-9F48-204A363D7D15}.Debug|Any CPU.Build.0 = Debug|Any CPU
		{B7298439-A971-4104-9F48-204A363D7D15}.Release|Any CPU.ActiveCfg = Release|Any CPU
		{B7298439-A971-4104-9F48-204A363D7D15}.Release|Any CPU.Build.0 = Release|Any CPU
	EndGlobalSection
	GlobalSection(SolutionProperties) = preSolution
		HideSolutionNode = FALSE
	EndGlobalSection
	GlobalSection(ExtensibilityGlobals) = postSolution
		SolutionGuid = {6D8223F5-7CB2-4AA6-9971-1C0305D90DF7}
	EndGlobalSection
EndGlobal
